
Microsoft Visual Studio Solution File, Format Version 12.00
# Visual Studio Version 16
VisualStudioVersion = 16.0.810.8
MinimumVisualStudioVersion = 10.0.40219.1
Project("{FAE04EC0-301F-11D3-BF4B-00C04F79EFBC}") = "skillTest", "skillTest\skillTest.csproj", "{F4F44445-E835-4DBD-8822-FD239440869A}"
EndProject
Global
	GlobalSection(SolutionConfigurationPlatforms) = preSolution
		Debug|Any CPU = Debug|Any CPU
		Release|Any CPU = Release|Any CPU
	EndGlobalSection
	GlobalSection(ProjectConfigurationPlatforms) = postSolution
		{F4F44445-E835-4DBD-8822-FD239440869A}.Debug|Any CPU.ActiveCfg = Debug|Any CPU
		{F4F44445-E835-4DBD-8822-FD239440869A}.Debug|Any CPU.Build.0 = Debug|Any CPU
		{F4F44445-E835-4DBD-8822-FD239440869A}.Release|Any CPU.ActiveCfg = Release|Any CPU
		{F4F44445-E835-4DBD-8822-FD239440869A}.Release|Any CPU.Build.0 = Release|Any CPU
	EndGlobalSection
	GlobalSection(SolutionProperties) = preSolution
		HideSolutionNode = FALSE
	EndGlobalSection
	GlobalSection(ExtensibilityGlobals) = postSolution
		SolutionGuid = {1A9D3A78-326D-461B-B3FE-04BFBC74B3CF}
	EndGlobalSection
EndGlobal
